
Microsoft Visual Studio Solution File, Format Version 12.00
# Visual Studio Version 17
VisualStudioVersion = 17.13.35825.156
MinimumVisualStudioVersion = 10.0.40219.1
Project("{FAE04EC0-301F-11D3-BF4B-00C04F79EFBC}") = "MvcStartApp", "MvcStartApp\MvcStartApp.csproj", "{B38DDC68-F75E-41BB-8673-20DDE0C84B02}"
EndProject
Global
	GlobalSection(SolutionConfigurationPlatforms) = preSolution
		Debug|Any CPU = Debug|Any CPU
		Release|Any CPU = Release|Any CPU
	EndGlobalSection
	GlobalSection(ProjectConfigurationPlatforms) = postSolution
		{B38DDC68-F75E-41BB-8673-20DDE0C84B02}.Debug|Any CPU.ActiveCfg = Debug|Any CPU
		{B38DDC68-F75E-41BB-8673-20DDE0C84B02}.Debug|Any CPU.Build.0 = Debug|Any CPU
		{B38DDC68-F75E-41BB-8673-20DDE0C84B02}.Release|Any CPU.ActiveCfg = Release|Any CPU
		{B38DDC68-F75E-41BB-8673-20DDE0C84B02}.Release|Any CPU.Build.0 = Release|Any CPU
	EndGlobalSection
	GlobalSection(SolutionProperties) = preSolution
		HideSolutionNode = FALSE
	EndGlobalSection
	GlobalSection(ExtensibilityGlobals) = postSolution
		SolutionGuid = {4BC2A1F7-1C18-4F94-BEA7-F71BA3C8A9DF}
	EndGlobalSection
EndGlobal
